{
  "lockfileVersion": 1,
  "configVersion": 0,
  "workspaces": {
    "": {
      "name": "pi-extension-with-deps",
      "dependencies": {
        "ms": "2.1.3",
        "typebox": "1.3.24",
      },
      "devDependencies": {
        "@types/ms": "2.1.0",
      },
    },
  },
  "packages": {
    "@types/ms": ["@types/ms@2.1.0", "", {}, "sha512-GsCCIZDE/p3i96vtEqx+7dBUGXrc7zeSK3wwPHIaRThS+9OhWIXRqzs4d6k1SVU8g91DrNRWxWUGhp5KXQb2VA=="],

    "ms": ["ms@2.1.3", "", {}, "sha512-6FlzubTLZG3J2a/NVCAleEhjzq5oxgHyaCU9yYXvcLsvoVaHJq/s5xXI6/XXP6tz7R9xAOtHnSO/tXtF3WRTlA=="],

    "typebox": ["typebox@1.3.24", "", {}, "sha512-T7iofCTrR1NsT+lGTF56qU7Ai0kW4i9oQrQ9oa82WxGiAUs787Tpbh5vkPKBs/fzudP3T8qOryi5GXf2Qjy1+A=="],
  }
}
